
Microsoft Visual Studio Solution File, Format Version 12.00
# Visual Studio 15
VisualStudioVersion = 15.0.27130.2027
MinimumVisualStudioVersion = 10.0.40219.1
Project("{FAE04EC0-301F-11D3-BF4B-00C04F79EFBC}") = "Initial", "Initial\Initial.csproj", "{33A38AA2-FE4F-43AA-AD68-9624FE48EDE0}"
EndProject
Project("{FAE04EC0-301F-11D3-BF4B-00C04F79EFBC}") = "UnitTestProject1", "UnitTestProject1\UnitTestProject1.csproj", "{C4D0C6DC-1209-49B6-B40B-7AE7D557FEB5}"
EndProject
Global
	GlobalSection(SolutionConfigurationPlatforms) = preSolution
		Debug|Any CPU = Debug|Any CPU
		Release|Any CPU = Release|Any CPU
	EndGlobalSection
	GlobalSection(ProjectConfigurationPlatforms) = postSolution
		{33A38AA2-FE4F-43AA-AD68-9624FE48EDE0}.Debug|Any CPU.ActiveCfg = Debug|Any CPU
		{33A38AA2-FE4F-43AA-AD68-9624FE48EDE0}.Debug|Any CPU.Build.0 = Debug|Any CPU
		{33A38AA2-FE4F-43AA-AD68-9624FE48EDE0}.Release|Any CPU.ActiveCfg = Release|Any CPU
		{33A38AA2-FE4F-43AA-AD68-9624FE48EDE0}.Release|Any CPU.Build.0 = Release|Any CPU
		{C4D0C6DC-1209-49B6-B40B-7AE7D557FEB5}.Debug|Any CPU.ActiveCfg = Debug|Any CPU
		{C4D0C6DC-1209-49B6-B40B-7AE7D557FEB5}.Debug|Any CPU.Build.0 = Debug|Any CPU
		{C4D0C6DC-1209-49B6-B40B-7AE7D557FEB5}.Release|Any CPU.ActiveCfg = Release|Any CPU
		{C4D0C6DC-1209-49B6-B40B-7AE7D557FEB5}.Release|Any CPU.Build.0 = Release|Any CPU
	EndGlobalSection
	GlobalSection(SolutionProperties) = preSolution
		HideSolutionNode = FALSE
	EndGlobalSection
	GlobalSection(ExtensibilityGlobals) = postSolution
		SolutionGuid = {C3BA6235-4C76-457E-837F-783C201C601A}
	EndGlobalSection
EndGlobal
